
Microsoft Visual Studio Solution File, Format Version 12.00
# Visual Studio 2012
Project("{FAE04EC0-301F-11D3-BF4B-00C04F79EFBC}") = "PaneraBread", "PaneraBread\PaneraBread.csproj", "{2CD04B28-D2BD-4C52-9B11-54D5B4FFABFF}"
EndProject
Global
	GlobalSection(SolutionConfigurationPlatforms) = preSolution
		Debug|Any CPU = Debug|Any CPU
		Release|Any CPU = Release|Any CPU
	EndGlobalSection
	GlobalSection(ProjectConfigurationPlatforms) = postSolution
		{2CD04B28-D2BD-4C52-9B11-54D5B4FFABFF}.Debug|Any CPU.ActiveCfg = Debug|Any CPU
		{2CD04B28-D2BD-4C52-9B11-54D5B4FFABFF}.Debug|Any CPU.Build.0 = Debug|Any CPU
		{2CD04B28-D2BD-4C52-9B11-54D5B4FFABFF}.Release|Any CPU.ActiveCfg = Release|Any CPU
		{2CD04B28-D2BD-4C52-9B11-54D5B4FFABFF}.Release|Any CPU.Build.0 = Release|Any CPU
	EndGlobalSection
EndGlobal
